{
  "name": "docgen",
  "requires": true,
  "lockfileVersion": 1,
  "dependencies": {
    "node-json2html": {
      "version": "1.3.0",
      "resolved": "https://registry.npmjs.org/node-json2html/-/node-json2html-1.3.0.tgz",
      "integrity": "sha512-eQIf7L77RpcPKlaV5iiJqj5u0FBd53agPa/QQmPgZJ8u2RNtHBmJvy+eYcF+ox1JikqYPuVk4AGVXYul+fW9mA=="
    }
  }
}
